
Microsoft Visual Studio Solution File, Format Version 12.00
# Visual Studio Version 17
VisualStudioVersion = 17.14.36811.4 d17.14
MinimumVisualStudioVersion = 10.0.40219.1
Project("{8BC9CEB8-8B4A-11D0-8D11-00A0C91BC942}") = "SoukoBanV3", "SoukoBanV3.vcxproj", "{35D46FE2-8E61-45BF-AD34-4FF48EB32B3E}"
EndProject
Global
	GlobalSection(SolutionConfigurationPlatforms) = preSolution
		Debug|x64 = Debug|x64
		Debug|x86 = Debug|x86
		Release|x64 = Release|x64
		Release|x86 = Release|x86
	EndGlobalSection
	GlobalSection(ProjectConfigurationPlatforms) = postSolution
		{35D46FE2-8E61-45BF-AD34-4FF48EB32B3E}.Debug|x64.ActiveCfg = Debug|x64
		{35D46FE2-8E61-45BF-AD34-4FF48EB32B3E}.Debug|x64.Build.0 = Debug|x64
		{35D46FE2-8E61-45BF-AD34-4FF48EB32B3E}.Debug|x86.ActiveCfg = Debug|Win32
		{35D46FE2-8E61-45BF-AD34-4FF48EB32B3E}.Debug|x86.Build.0 = Debug|Win32
		{35D46FE2-8E61-45BF-AD34-4FF48EB32B3E}.Release|x64.ActiveCfg = Release|x64
		{35D46FE2-8E61-45BF-AD34-4FF48EB32B3E}.Release|x64.Build.0 = Release|x64
		{35D46FE2-8E61-45BF-AD34-4FF48EB32B3E}.Release|x86.ActiveCfg = Release|Win32
		{35D46FE2-8E61-45BF-AD34-4FF48EB32B3E}.Release|x86.Build.0 = Release|Win32
	EndGlobalSection
	GlobalSection(SolutionProperties) = preSolution
		HideSolutionNode = FALSE
	EndGlobalSection
	GlobalSection(ExtensibilityGlobals) = postSolution
		SolutionGuid = {4B63D090-934E-4FBC-A1D5-F065D2A20151}
	EndGlobalSection
EndGlobal
